
Microsoft Visual Studio Solution File, Format Version 12.00
# Visual Studio 15
VisualStudioVersion = 15.0.28307.572
MinimumVisualStudioVersion = 10.0.40219.1
Project("{8BC9CEB8-8B4A-11D0-8D11-00A0C91BC942}") = "找出字符串中第一个只出现一次的字符(牛客网)", "找出字符串中第一个只出现一次的字符(牛客网)\找出字符串中第一个只出现一次的字符(牛客网).vcxproj", "{E49B36D8-498C-451E-A2B2-967C62E17687}"
EndProject
Global
	GlobalSection(SolutionConfigurationPlatforms) = preSolution
		Debug|x64 = Debug|x64
		Debug|x86 = Debug|x86
		Release|x64 = Release|x64
		Release|x86 = Release|x86
	EndGlobalSection
	GlobalSection(ProjectConfigurationPlatforms) = postSolution
		{E49B36D8-498C-451E-A2B2-967C62E17687}.Debug|x64.ActiveCfg = Debug|x64
		{E49B36D8-498C-451E-A2B2-967C62E17687}.Debug|x64.Build.0 = Debug|x64
		{E49B36D8-498C-451E-A2B2-967C62E17687}.Debug|x86.ActiveCfg = Debug|Win32
		{E49B36D8-498C-451E-A2B2-967C62E17687}.Debug|x86.Build.0 = Debug|Win32
		{E49B36D8-498C-451E-A2B2-967C62E17687}.Release|x64.ActiveCfg = Release|x64
		{E49B36D8-498C-451E-A2B2-967C62E17687}.Release|x64.Build.0 = Release|x64
		{E49B36D8-498C-451E-A2B2-967C62E17687}.Release|x86.ActiveCfg = Release|Win32
		{E49B36D8-498C-451E-A2B2-967C62E17687}.Release|x86.Build.0 = Release|Win32
	EndGlobalSection
	GlobalSection(SolutionProperties) = preSolution
		HideSolutionNode = FALSE
	EndGlobalSection
	GlobalSection(ExtensibilityGlobals) = postSolution
		SolutionGuid = {24027208-B594-4C29-84C0-596CD2489B94}
	EndGlobalSection
EndGlobal
