
Microsoft Visual Studio Solution File, Format Version 12.00
# Visual Studio 15
VisualStudioVersion = 15.0.28307.572
MinimumVisualStudioVersion = 10.0.40219.1
Project("{8BC9CEB8-8B4A-11D0-8D11-00A0C91BC942}") = "AVL树_C++", "AVL树_C++\AVL树_C++.vcxproj", "{D936CAFF-4017-45D1-A32E-D721DF1C9B00}"
EndProject
Global
	GlobalSection(SolutionConfigurationPlatforms) = preSolution
		Debug|x64 = Debug|x64
		Debug|x86 = Debug|x86
		Release|x64 = Release|x64
		Release|x86 = Release|x86
	EndGlobalSection
	GlobalSection(ProjectConfigurationPlatforms) = postSolution
		{D936CAFF-4017-45D1-A32E-D721DF1C9B00}.Debug|x64.ActiveCfg = Debug|x64
		{D936CAFF-4017-45D1-A32E-D721DF1C9B00}.Debug|x64.Build.0 = Debug|x64
		{D936CAFF-4017-45D1-A32E-D721DF1C9B00}.Debug|x86.ActiveCfg = Debug|Win32
		{D936CAFF-4017-45D1-A32E-D721DF1C9B00}.Debug|x86.Build.0 = Debug|Win32
		{D936CAFF-4017-45D1-A32E-D721DF1C9B00}.Release|x64.ActiveCfg = Release|x64
		{D936CAFF-4017-45D1-A32E-D721DF1C9B00}.Release|x64.Build.0 = Release|x64
		{D936CAFF-4017-45D1-A32E-D721DF1C9B00}.Release|x86.ActiveCfg = Release|Win32
		{D936CAFF-4017-45D1-A32E-D721DF1C9B00}.Release|x86.Build.0 = Release|Win32
	EndGlobalSection
	GlobalSection(SolutionProperties) = preSolution
		HideSolutionNode = FALSE
	EndGlobalSection
	GlobalSection(ExtensibilityGlobals) = postSolution
		SolutionGuid = {52D49A54-ED8B-45F9-8A56-3D7B95ED085F}
	EndGlobalSection
EndGlobal
