
Microsoft Visual Studio Solution File, Format Version 12.00
# Visual Studio 15
VisualStudioVersion = 15.0.28307.572
MinimumVisualStudioVersion = 10.0.40219.1
Project("{8BC9CEB8-8B4A-11D0-8D11-00A0C91BC942}") = "C++实现BST", "C++实现BST\C++实现BST.vcxproj", "{9DB99E04-04E3-4F9C-BF31-9EB37806749D}"
EndProject
Global
	GlobalSection(SolutionConfigurationPlatforms) = preSolution
		Debug|x64 = Debug|x64
		Debug|x86 = Debug|x86
		Release|x64 = Release|x64
		Release|x86 = Release|x86
	EndGlobalSection
	GlobalSection(ProjectConfigurationPlatforms) = postSolution
		{9DB99E04-04E3-4F9C-BF31-9EB37806749D}.Debug|x64.ActiveCfg = Debug|x64
		{9DB99E04-04E3-4F9C-BF31-9EB37806749D}.Debug|x64.Build.0 = Debug|x64
		{9DB99E04-04E3-4F9C-BF31-9EB37806749D}.Debug|x86.ActiveCfg = Debug|Win32
		{9DB99E04-04E3-4F9C-BF31-9EB37806749D}.Debug|x86.Build.0 = Debug|Win32
		{9DB99E04-04E3-4F9C-BF31-9EB37806749D}.Release|x64.ActiveCfg = Release|x64
		{9DB99E04-04E3-4F9C-BF31-9EB37806749D}.Release|x64.Build.0 = Release|x64
		{9DB99E04-04E3-4F9C-BF31-9EB37806749D}.Release|x86.ActiveCfg = Release|Win32
		{9DB99E04-04E3-4F9C-BF31-9EB37806749D}.Release|x86.Build.0 = Release|Win32
	EndGlobalSection
	GlobalSection(SolutionProperties) = preSolution
		HideSolutionNode = FALSE
	EndGlobalSection
	GlobalSection(ExtensibilityGlobals) = postSolution
		SolutionGuid = {0D0531CF-E0D3-473B-BD11-1A9BBDBC6BD9}
	EndGlobalSection
EndGlobal
