
Microsoft Visual Studio Solution File, Format Version 12.00
# Visual Studio 2013
VisualStudioVersion = 12.0.21005.1
MinimumVisualStudioVersion = 10.0.40219.1
Project("{8BC9CEB8-8B4A-11D0-8D11-00A0C91BC942}") = "DocFastSearchTool", "DocFastSearchTool\DocFastSearchTool.vcxproj", "{53EBB483-CF07-4478-ACE7-054E195FAB02}"
EndProject
Global
	GlobalSection(SolutionConfigurationPlatforms) = preSolution
		Debug|Win32 = Debug|Win32
		Release|Win32 = Release|Win32
	EndGlobalSection
	GlobalSection(ProjectConfigurationPlatforms) = postSolution
		{53EBB483-CF07-4478-ACE7-054E195FAB02}.Debug|Win32.ActiveCfg = Debug|Win32
		{53EBB483-CF07-4478-ACE7-054E195FAB02}.Debug|Win32.Build.0 = Debug|Win32
		{53EBB483-CF07-4478-ACE7-054E195FAB02}.Release|Win32.ActiveCfg = Release|Win32
		{53EBB483-CF07-4478-ACE7-054E195FAB02}.Release|Win32.Build.0 = Release|Win32
	EndGlobalSection
	GlobalSection(SolutionProperties) = preSolution
		HideSolutionNode = FALSE
	EndGlobalSection
EndGlobal
